
Microsoft Visual Studio Solution File, Format Version 12.00
# Visual Studio Version 16
VisualStudioVersion = 16.0.31313.79
MinimumVisualStudioVersion = 10.0.40219.1
Project("{FAE04EC0-301F-11D3-BF4B-00C04F79EFBC}") = "Calculator", "Calculator\Calculator.csproj", "{4BC33BCE-C360-4D66-A2CC-929402B4999D}"
EndProject
Global
	GlobalSection(SolutionConfigurationPlatforms) = preSolution
		Debug|Any CPU = Debug|Any CPU
		Release|Any CPU = Release|Any CPU
	EndGlobalSection
	GlobalSection(ProjectConfigurationPlatforms) = postSolution
		{4BC33BCE-C360-4D66-A2CC-929402B4999D}.Debug|Any CPU.ActiveCfg = Debug|Any CPU
		{4BC33BCE-C360-4D66-A2CC-929402B4999D}.Debug|Any CPU.Build.0 = Debug|Any CPU
		{4BC33BCE-C360-4D66-A2CC-929402B4999D}.Release|Any CPU.ActiveCfg = Release|Any CPU
		{4BC33BCE-C360-4D66-A2CC-929402B4999D}.Release|Any CPU.Build.0 = Release|Any CPU
	EndGlobalSection
	GlobalSection(SolutionProperties) = preSolution
		HideSolutionNode = FALSE
	EndGlobalSection
	GlobalSection(ExtensibilityGlobals) = postSolution
		SolutionGuid = {DADE291C-AC80-4A48-8B8E-168C3E8DDFA9}
	EndGlobalSection
EndGlobal
